Microsoft Visual Studio Solution File, Format Version 12.00
# Visual Studio Version 17
VisualStudioVersion = 17.5.2.0
MinimumVisualStudioVersion = 10.0.40219.1
Project("{FAE04EC0-301F-11D3-BF4B-00C04F79EFBC}") = "module32", "Module32.csproj", "{A9664924-8A15-B09B-D386-8965BC8149A7}"
EndProject
Global
	GlobalSection(SolutionConfigurationPlatforms) = preSolution
		Debug|Any CPU = Debug|Any CPU
		Release|Any CPU = Release|Any CPU
	EndGlobalSection
	GlobalSection(ProjectConfigurationPlatforms) = postSolution
		{A9664924-8A15-B09B-D386-8965BC8149A7}.Debug|Any CPU.ActiveCfg = Debug|Any CPU
		{A9664924-8A15-B09B-D386-8965BC8149A7}.Debug|Any CPU.Build.0 = Debug|Any CPU
		{A9664924-8A15-B09B-D386-8965BC8149A7}.Release|Any CPU.ActiveCfg = Release|Any CPU
		{A9664924-8A15-B09B-D386-8965BC8149A7}.Release|Any CPU.Build.0 = Release|Any CPU
	EndGlobalSection
	GlobalSection(SolutionProperties) = preSolution
		HideSolutionNode = FALSE
	EndGlobalSection
	GlobalSection(ExtensibilityGlobals) = postSolution
		SolutionGuid = {92B23459-3496-4E2C-A9EB-7413E25BCFEE}
	EndGlobalSection
EndGlobal
